
Microsoft Visual Studio Solution File, Format Version 12.00
# Visual Studio 14
VisualStudioVersion = 14.0.25420.1
MinimumVisualStudioVersion = 10.0.40219.1
Project("{8BC9CEB8-8B4A-11D0-8D11-00A0C91BC942}") = "Zadanie3", "Zadanie3\Zadanie3.vcxproj", "{B610FE67-1EC2-4D6A-87EB-2FD92AE06DE3}"
EndProject
Global
	GlobalSection(SolutionConfigurationPlatforms) = preSolution
		Debug|x64 = Debug|x64
		Debug|x86 = Debug|x86
		Release|x64 = Release|x64
		Release|x86 = Release|x86
	EndGlobalSection
	GlobalSection(ProjectConfigurationPlatforms) = postSolution
		{3E3DFC37-7D3B-45C5-9B34-7CD65833591B}.Debug|x64.ActiveCfg = Debug|x64
		{3E3DFC37-7D3B-45C5-9B34-7CD65833591B}.Debug|x64.Build.0 = Debug|x64
		{3E3DFC37-7D3B-45C5-9B34-7CD65833591B}.Debug|x86.ActiveCfg = Debug|Win32
		{3E3DFC37-7D3B-45C5-9B34-7CD65833591B}.Debug|x86.Build.0 = Debug|Win32
		{3E3DFC37-7D3B-45C5-9B34-7CD65833591B}.Release|x64.ActiveCfg = Release|x64
		{3E3DFC37-7D3B-45C5-9B34-7CD65833591B}.Release|x64.Build.0 = Release|x64
		{3E3DFC37-7D3B-45C5-9B34-7CD65833591B}.Release|x86.ActiveCfg = Release|Win32
		{3E3DFC37-7D3B-45C5-9B34-7CD65833591B}.Release|x86.Build.0 = Release|Win32
		{2369B33D-A6E8-4083-9AB1-77292326B879}.Debug|x64.ActiveCfg = Debug|x64
		{2369B33D-A6E8-4083-9AB1-77292326B879}.Debug|x64.Build.0 = Debug|x64
		{2369B33D-A6E8-4083-9AB1-77292326B879}.Debug|x86.ActiveCfg = Debug|Win32
		{2369B33D-A6E8-4083-9AB1-77292326B879}.Debug|x86.Build.0 = Debug|Win32
		{2369B33D-A6E8-4083-9AB1-77292326B879}.Release|x64.ActiveCfg = Release|x64
		{2369B33D-A6E8-4083-9AB1-77292326B879}.Release|x64.Build.0 = Release|x64
		{2369B33D-A6E8-4083-9AB1-77292326B879}.Release|x86.ActiveCfg = Release|Win32
		{2369B33D-A6E8-4083-9AB1-77292326B879}.Release|x86.Build.0 = Release|Win32
		{A49FAF2D-7A99-4063-B6DA-1CFCA0421359}.Debug|x64.ActiveCfg = Debug|x64
		{A49FAF2D-7A99-4063-B6DA-1CFCA0421359}.Debug|x64.Build.0 = Debug|x64
		{A49FAF2D-7A99-4063-B6DA-1CFCA0421359}.Debug|x86.ActiveCfg = Debug|Win32
		{A49FAF2D-7A99-4063-B6DA-1CFCA0421359}.Debug|x86.Build.0 = Debug|Win32
		{A49FAF2D-7A99-4063-B6DA-1CFCA0421359}.Release|x64.ActiveCfg = Release|x64
		{A49FAF2D-7A99-4063-B6DA-1CFCA0421359}.Release|x64.Build.0 = Release|x64
		{A49FAF2D-7A99-4063-B6DA-1CFCA0421359}.Release|x86.ActiveCfg = Release|Win32
		{A49FAF2D-7A99-4063-B6DA-1CFCA0421359}.Release|x86.Build.0 = Release|Win32
		{646B22F7-EE0A-417D-AE4E-073B1B42EDF7}.Debug|x64.ActiveCfg = Debug|x64
		{646B22F7-EE0A-417D-AE4E-073B1B42EDF7}.Debug|x64.Build.0 = Debug|x64
		{646B22F7-EE0A-417D-AE4E-073B1B42EDF7}.Debug|x86.ActiveCfg = Debug|Win32
		{646B22F7-EE0A-417D-AE4E-073B1B42EDF7}.Debug|x86.Build.0 = Debug|Win32
		{646B22F7-EE0A-417D-AE4E-073B1B42EDF7}.Release|x64.ActiveCfg = Release|x64
		{646B22F7-EE0A-417D-AE4E-073B1B42EDF7}.Release|x64.Build.0 = Release|x64
		{646B22F7-EE0A-417D-AE4E-073B1B42EDF7}.Release|x86.ActiveCfg = Release|Win32
		{646B22F7-EE0A-417D-AE4E-073B1B42EDF7}.Release|x86.Build.0 = Release|Win32
		{F40435D3-3397-4D31-8D90-F5302552670B}.Debug|x64.ActiveCfg = Debug|x64
		{F40435D3-3397-4D31-8D90-F5302552670B}.Debug|x64.Build.0 = Debug|x64
		{F40435D3-3397-4D31-8D90-F5302552670B}.Debug|x86.ActiveCfg = Debug|Win32
		{F40435D3-3397-4D31-8D90-F5302552670B}.Debug|x86.Build.0 = Debug|Win32
		{F40435D3-3397-4D31-8D90-F5302552670B}.Release|x64.ActiveCfg = Release|x64
		{F40435D3-3397-4D31-8D90-F5302552670B}.Release|x64.Build.0 = Release|x64
		{F40435D3-3397-4D31-8D90-F5302552670B}.Release|x86.ActiveCfg = Release|Win32
		{F40435D3-3397-4D31-8D90-F5302552670B}.Release|x86.Build.0 = Release|Win32
		{16215A23-A4CF-4DD2-8BBB-4B6E470A9A60}.Debug|x64.ActiveCfg = Debug|x64
		{16215A23-A4CF-4DD2-8BBB-4B6E470A9A60}.Debug|x64.Build.0 = Debug|x64
		{16215A23-A4CF-4DD2-8BBB-4B6E470A9A60}.Debug|x86.ActiveCfg = Debug|Win32
		{16215A23-A4CF-4DD2-8BBB-4B6E470A9A60}.Debug|x86.Build.0 = Debug|Win32
		{16215A23-A4CF-4DD2-8BBB-4B6E470A9A60}.Release|x64.ActiveCfg = Release|x64
		{16215A23-A4CF-4DD2-8BBB-4B6E470A9A60}.Release|x64.Build.0 = Release|x64
		{16215A23-A4CF-4DD2-8BBB-4B6E470A9A60}.Release|x86.ActiveCfg = Release|Win32
		{16215A23-A4CF-4DD2-8BBB-4B6E470A9A60}.Release|x86.Build.0 = Release|Win32
		{41CC5892-69D1-4A15-87F2-6AF04B47184E}.Debug|x64.ActiveCfg = Debug|x64
		{41CC5892-69D1-4A15-87F2-6AF04B47184E}.Debug|x64.Build.0 = Debug|x64
		{41CC5892-69D1-4A15-87F2-6AF04B47184E}.Debug|x86.ActiveCfg = Debug|Win32
		{41CC5892-69D1-4A15-87F2-6AF04B47184E}.Debug|x86.Build.0 = Debug|Win32
		{41CC5892-69D1-4A15-87F2-6AF04B47184E}.Release|x64.ActiveCfg = Release|x64
		{41CC5892-69D1-4A15-87F2-6AF04B47184E}.Release|x64.Build.0 = Release|x64
		{41CC5892-69D1-4A15-87F2-6AF04B47184E}.Release|x86.ActiveCfg = Release|Win32
		{41CC5892-69D1-4A15-87F2-6AF04B47184E}.Release|x86.Build.0 = Release|Win32
		{636EB364-E2DD-4A20-8ECA-3CDD117D8712}.Debug|x64.ActiveCfg = Debug|x64
		{636EB364-E2DD-4A20-8ECA-3CDD117D8712}.Debug|x64.Build.0 = Debug|x64
		{636EB364-E2DD-4A20-8ECA-3CDD117D8712}.Debug|x86.ActiveCfg = Debug|Win32
		{636EB364-E2DD-4A20-8ECA-3CDD117D8712}.Debug|x86.Build.0 = Debug|Win32
		{636EB364-E2DD-4A20-8ECA-3CDD117D8712}.Release|x64.ActiveCfg = Release|x64
		{636EB364-E2DD-4A20-8ECA-3CDD117D8712}.Release|x64.Build.0 = Release|x64
		{636EB364-E2DD-4A20-8ECA-3CDD117D8712}.Release|x86.ActiveCfg = Release|Win32
		{636EB364-E2DD-4A20-8ECA-3CDD117D8712}.Release|x86.Build.0 = Release|Win32
		{3AA0B146-3FA0-40B1-ABA8-1B5738A6EC40}.Debug|x64.ActiveCfg = Debug|x64
		{3AA0B146-3FA0-40B1-ABA8-1B5738A6EC40}.Debug|x64.Build.0 = Debug|x64
		{3AA0B146-3FA0-40B1-ABA8-1B5738A6EC40}.Debug|x86.ActiveCfg = Debug|Win32
		{3AA0B146-3FA0-40B1-ABA8-1B5738A6EC40}.Debug|x86.Build.0 = Debug|Win32
		{3AA0B146-3FA0-40B1-ABA8-1B5738A6EC40}.Release|x64.ActiveCfg = Release|x64
		{3AA0B146-3FA0-40B1-ABA8-1B5738A6EC40}.Release|x64.Build.0 = Release|x64
		{3AA0B146-3FA0-40B1-ABA8-1B5738A6EC40}.Release|x86.ActiveCfg = Release|Win32
		{3AA0B146-3FA0-40B1-ABA8-1B5738A6EC40}.Release|x86.Build.0 = Release|Win32
		{7E049DB0-5100-493A-B4A6-48207E9CDA33}.Debug|x64.ActiveCfg = Debug|x64
		{7E049DB0-5100-493A-B4A6-48207E9CDA33}.Debug|x64.Build.0 = Debug|x64
		{7E049DB0-5100-493A-B4A6-48207E9CDA33}.Debug|x86.ActiveCfg = Debug|Win32
		{7E049DB0-5100-493A-B4A6-48207E9CDA33}.Debug|x86.Build.0 = Debug|Win32
		{7E049DB0-5100-493A-B4A6-48207E9CDA33}.Release|x64.ActiveCfg = Release|x64
		{7E049DB0-5100-493A-B4A6-48207E9CDA33}.Release|x64.Build.0 = Release|x64
		{7E049DB0-5100-493A-B4A6-48207E9CDA33}.Release|x86.ActiveCfg = Release|Win32
		{7E049DB0-5100-493A-B4A6-48207E9CDA33}.Release|x86.Build.0 = Release|Win32
		{B610FE67-1EC2-4D6A-87EB-2FD92AE06DE3}.Debug|x64.ActiveCfg = Debug|x64
		{B610FE67-1EC2-4D6A-87EB-2FD92AE06DE3}.Debug|x64.Build.0 = Debug|x64
		{B610FE67-1EC2-4D6A-87EB-2FD92AE06DE3}.Debug|x86.ActiveCfg = Debug|Win32
		{B610FE67-1EC2-4D6A-87EB-2FD92AE06DE3}.Debug|x86.Build.0 = Debug|Win32
		{B610FE67-1EC2-4D6A-87EB-2FD92AE06DE3}.Release|x64.ActiveCfg = Release|x64
		{B610FE67-1EC2-4D6A-87EB-2FD92AE06DE3}.Release|x64.Build.0 = Release|x64
		{B610FE67-1EC2-4D6A-87EB-2FD92AE06DE3}.Release|x86.ActiveCfg = Release|Win32
		{B610FE67-1EC2-4D6A-87EB-2FD92AE06DE3}.Release|x86.Build.0 = Release|Win32
	EndGlobalSection
	GlobalSection(SolutionProperties) = preSolution
		HideSolutionNode = FALSE
	EndGlobalSection
EndGlobal
